<?xml version="1.0" encoding="UTF-8" standalone="yes" ?>
<CodeBlocks_project_file>
	<FileVersion major="1" minor="6" />
	<Project>
		<Option title="MyCode" />
		<Option pch_mode="2" />
		<Option compiler="gcc" />
		<Build>
			<Target title="Debug">
				<Option output="bin/Debug/MyCode" prefix_auto="1" extension_auto="1" />
				<Option object_output="obj/Debug/" />
				<Option type="1" />
				<Option compiler="gcc" />
				<Compiler>
					<Add option="-g" />
				</Compiler>
			</Target>
			<Target title="Release">
				<Option output="bin/Release/MyCode" prefix_auto="1" extension_auto="1" />
				<Option object_output="obj/Release/" />
				<Option type="1" />
				<Option compiler="gcc" />
				<Compiler>
					<Add option="-O2" />
				</Compiler>
				<Linker>
					<Add option="-s" />
				</Linker>
			</Target>
		</Build>
		<Compiler>
			<Add option="-Wall" />
		</Compiler>
		<Unit filename="Console.cpp" />
		<Unit filename="Console.h" />
		<Unit filename="CourseFunction.cpp" />
		<Unit filename="CourseFunction.h" />
		<Unit filename="Graphic.cpp" />
		<Unit filename="Graphic.h" />
		<Unit filename="StaffFunction.cpp" />
		<Unit filename="StaffFunction.h" />
		<Unit filename="StudentFunction.cpp" />
		<Unit filename="StudentFunction.h" />
		<Unit filename="SystemData.h" />
		<Unit filename="User.cpp" />
		<Unit filename="User.h" />
		<Unit filename="main.cpp" />
		<Extensions>
			<code_completion />
			<envvars />
			<debugger />
		</Extensions>
	</Project>
</CodeBlocks_project_file>
